
Microsoft Visual Studio Solution File, Format Version 12.00
# Visual Studio Version 16
VisualStudioVersion = 16.0.31205.134
MinimumVisualStudioVersion = 10.0.40219.1
Project("{FAE04EC0-301F-11D3-BF4B-00C04F79EFBC}") = "RGY", "RGY.csproj", "{B70AC8D5-48E3-4775-B648-FC7CF6A9D74A}"
EndProject
Global
	GlobalSection(SolutionConfigurationPlatforms) = preSolution
		Debug|Any CPU = Debug|Any CPU
		Release|Any CPU = Release|Any CPU
	EndGlobalSection
	GlobalSection(ProjectConfigurationPlatforms) = postSolution
		{B70AC8D5-48E3-4775-B648-FC7CF6A9D74A}.Debug|Any CPU.ActiveCfg = Debug|Any CPU
		{B70AC8D5-48E3-4775-B648-FC7CF6A9D74A}.Debug|Any CPU.Build.0 = Debug|Any CPU
		{B70AC8D5-48E3-4775-B648-FC7CF6A9D74A}.Release|Any CPU.ActiveCfg = Release|Any CPU
		{B70AC8D5-48E3-4775-B648-FC7CF6A9D74A}.Release|Any CPU.Build.0 = Release|Any CPU
	EndGlobalSection
	GlobalSection(SolutionProperties) = preSolution
		HideSolutionNode = FALSE
	EndGlobalSection
	GlobalSection(ExtensibilityGlobals) = postSolution
		SolutionGuid = {4C5C028C-C3ED-4580-8EA1-68C8A98DD5F3}
	EndGlobalSection
EndGlobal
